
Microsoft Visual Studio Solution File, Format Version 12.00
# Visual Studio 14
VisualStudioVersion = 14.0.23107.0
MinimumVisualStudioVersion = 10.0.40219.1
Project("{FAE04EC0-301F-11D3-BF4B-00C04F79EFBC}") = "Intertech.Facade.DapperParameters", "Intertech.Facade.DapperParameters\Intertech.Facade.DapperParameters.csproj", "{810D4E7C-E1DA-4B87-8AAC-BF25380DB737}"
EndProject
Project("{2150E333-8FDC-42A3-9474-1A3956D46DE8}") = "Solution Items", "Solution Items", "{4BD4F756-7952-407F-9789-367257490A95}"
	ProjectSection(SolutionItems) = preProject
		LICENSE.md = LICENSE.md
		README.md = README.md
	EndProjectSection
EndProject
Project("{FAE04EC0-301F-11D3-BF4B-00C04F79EFBC}") = "Intertech.Example.DataTier", "Intertech.Example.DataTier\Intertech.Example.DataTier.csproj", "{D8937460-688A-461D-8E93-E048E69B12CC}"
EndProject
Project("{FAE04EC0-301F-11D3-BF4B-00C04F79EFBC}") = "Intertech.Facade.UnitTests", "Intertech.Facade.UnitTests\Intertech.Facade.UnitTests.csproj", "{26904C0D-5FAB-4890-AEBF-063DDF5B3B91}"
EndProject
Global
	GlobalSection(SolutionConfigurationPlatforms) = preSolution
		Debug|Any CPU = Debug|Any CPU
		Release|Any CPU = Release|Any CPU
	EndGlobalSection
	GlobalSection(ProjectConfigurationPlatforms) = postSolution
		{810D4E7C-E1DA-4B87-8AAC-BF25380DB737}.Debug|Any CPU.ActiveCfg = Debug|Any CPU
		{810D4E7C-E1DA-4B87-8AAC-BF25380DB737}.Debug|Any CPU.Build.0 = Debug|Any CPU
		{810D4E7C-E1DA-4B87-8AAC-BF25380DB737}.Release|Any CPU.ActiveCfg = Release|Any CPU
		{810D4E7C-E1DA-4B87-8AAC-BF25380DB737}.Release|Any CPU.Build.0 = Release|Any CPU
		{D8937460-688A-461D-8E93-E048E69B12CC}.Debug|Any CPU.ActiveCfg = Debug|Any CPU
		{D8937460-688A-461D-8E93-E048E69B12CC}.Debug|Any CPU.Build.0 = Debug|Any CPU
		{D8937460-688A-461D-8E93-E048E69B12CC}.Release|Any CPU.ActiveCfg = Release|Any CPU
		{D8937460-688A-461D-8E93-E048E69B12CC}.Release|Any CPU.Build.0 = Release|Any CPU
		{26904C0D-5FAB-4890-AEBF-063DDF5B3B91}.Debug|Any CPU.ActiveCfg = Debug|Any CPU
		{26904C0D-5FAB-4890-AEBF-063DDF5B3B91}.Debug|Any CPU.Build.0 = Debug|Any CPU
		{26904C0D-5FAB-4890-AEBF-063DDF5B3B91}.Release|Any CPU.ActiveCfg = Release|Any CPU
		{26904C0D-5FAB-4890-AEBF-063DDF5B3B91}.Release|Any CPU.Build.0 = Release|Any CPU
	EndGlobalSection
	GlobalSection(SolutionProperties) = preSolution
		HideSolutionNode = FALSE
	EndGlobalSection
EndGlobal
